
Microsoft Visual Studio Solution File, Format Version 12.00
# Visual Studio Version 17
VisualStudioVersion = 17.14.36301.6
MinimumVisualStudioVersion = 10.0.40219.1
Project("{FAE04EC0-301F-11D3-BF4B-00C04F79EFBC}") = "WebApplication1", "WebApplication1\WebApplication1.csproj", "{F6D0253C-6988-4000-ABC6-9CB1934C903C}"
EndProject
Project("{FAE04EC0-301F-11D3-BF4B-00C04F79EFBC}") = "Domain", "Domain\Domain.csproj", "{C2706FD2-3A14-4916-9A46-F98F03BB5C6B}"
EndProject
Project("{FAE04EC0-301F-11D3-BF4B-00C04F79EFBC}") = "Infrastructure", "Infrastructure\Infrastructure.csproj", "{B6469AA3-AC75-44DA-A9E3-B67C3C76CA7B}"
EndProject
Project("{FAE04EC0-301F-11D3-BF4B-00C04F79EFBC}") = "Application", "Application\Application.csproj", "{30C173B6-2F92-4557-B91F-8CF2D44632D0}"
EndProject
Project("{FAE04EC0-301F-11D3-BF4B-00C04F79EFBC}") = "Common", "Common\Common.csproj", "{AB87380F-A0B7-4567-9F93-F26DDD9BC243}"
EndProject
Project("{FAE04EC0-301F-11D3-BF4B-00C04F79EFBC}") = "Core", "Core\Core.csproj", "{7BC2F161-0975-44EE-94AD-44BE58E4D87A}"
EndProject
Global
	GlobalSection(SolutionConfigurationPlatforms) = preSolution
		Debug|Any CPU = Debug|Any CPU
		Release|Any CPU = Release|Any CPU
	EndGlobalSection
	GlobalSection(ProjectConfigurationPlatforms) = postSolution
		{F6D0253C-6988-4000-ABC6-9CB1934C903C}.Debug|Any CPU.ActiveCfg = Debug|Any CPU
		{F6D0253C-6988-4000-ABC6-9CB1934C903C}.Debug|Any CPU.Build.0 = Debug|Any CPU
		{F6D0253C-6988-4000-ABC6-9CB1934C903C}.Release|Any CPU.ActiveCfg = Release|Any CPU
		{F6D0253C-6988-4000-ABC6-9CB1934C903C}.Release|Any CPU.Build.0 = Release|Any CPU
		{C2706FD2-3A14-4916-9A46-F98F03BB5C6B}.Debug|Any CPU.ActiveCfg = Debug|Any CPU
		{C2706FD2-3A14-4916-9A46-F98F03BB5C6B}.Debug|Any CPU.Build.0 = Debug|Any CPU
		{C2706FD2-3A14-4916-9A46-F98F03BB5C6B}.Release|Any CPU.ActiveCfg = Release|Any CPU
		{C2706FD2-3A14-4916-9A46-F98F03BB5C6B}.Release|Any CPU.Build.0 = Release|Any CPU
		{B6469AA3-AC75-44DA-A9E3-B67C3C76CA7B}.Debug|Any CPU.ActiveCfg = Debug|Any CPU
		{B6469AA3-AC75-44DA-A9E3-B67C3C76CA7B}.Debug|Any CPU.Build.0 = Debug|Any CPU
		{B6469AA3-AC75-44DA-A9E3-B67C3C76CA7B}.Release|Any CPU.ActiveCfg = Release|Any CPU
		{B6469AA3-AC75-44DA-A9E3-B67C3C76CA7B}.Release|Any CPU.Build.0 = Release|Any CPU
		{30C173B6-2F92-4557-B91F-8CF2D44632D0}.Debug|Any CPU.ActiveCfg = Debug|Any CPU
		{30C173B6-2F92-4557-B91F-8CF2D44632D0}.Debug|Any CPU.Build.0 = Debug|Any CPU
		{30C173B6-2F92-4557-B91F-8CF2D44632D0}.Release|Any CPU.ActiveCfg = Release|Any CPU
		{30C173B6-2F92-4557-B91F-8CF2D44632D0}.Release|Any CPU.Build.0 = Release|Any CPU
		{AB87380F-A0B7-4567-9F93-F26DDD9BC243}.Debug|Any CPU.ActiveCfg = Debug|Any CPU
		{AB87380F-A0B7-4567-9F93-F26DDD9BC243}.Debug|Any CPU.Build.0 = Debug|Any CPU
		{AB87380F-A0B7-4567-9F93-F26DDD9BC243}.Release|Any CPU.ActiveCfg = Release|Any CPU
		{AB87380F-A0B7-4567-9F93-F26DDD9BC243}.Release|Any CPU.Build.0 = Release|Any CPU
		{7BC2F161-0975-44EE-94AD-44BE58E4D87A}.Debug|Any CPU.ActiveCfg = Debug|Any CPU
		{7BC2F161-0975-44EE-94AD-44BE58E4D87A}.Debug|Any CPU.Build.0 = Debug|Any CPU
		{7BC2F161-0975-44EE-94AD-44BE58E4D87A}.Release|Any CPU.ActiveCfg = Release|Any CPU
		{7BC2F161-0975-44EE-94AD-44BE58E4D87A}.Release|Any CPU.Build.0 = Release|Any CPU
	EndGlobalSection
	GlobalSection(SolutionProperties) = preSolution
		HideSolutionNode = FALSE
	EndGlobalSection
	GlobalSection(ExtensibilityGlobals) = postSolution
		SolutionGuid = {6253B912-9A6C-4399-9DFB-E7D2F0374BDF}
	EndGlobalSection
EndGlobal
